
Microsoft Visual Studio Solution File, Format Version 12.00
# Visual Studio Version 17
VisualStudioVersion = 17.14.36518.9
MinimumVisualStudioVersion = 10.0.40219.1
Project("{2150E333-8FDC-42A3-9474-1A3956D46DE8}") = "ソリューション項目", "ソリューション項目", "{2022CB0F-8BAF-F49E-0C48-8EF4C96EC109}"
	ProjectSection(SolutionItems) = preProject
		.editorconfig = .editorconfig
	EndProjectSection
EndProject
Project("{8BC9CEB8-8B4A-11D0-8D11-00A0C91BC942}") = "00-01", "00-01\00-01.vcxproj", "{54C91426-179C-4B80-8D19-4828C577883E}"
EndProject
Project("{8BC9CEB8-8B4A-11D0-8D11-00A0C91BC942}") = "01-01", "01-01\01-01.vcxproj", "{BC7B8B29-787F-46DE-9AC5-DA3C40009EAE}"
EndProject
Project("{8BC9CEB8-8B4A-11D0-8D11-00A0C91BC942}") = "01-02", "01-02\01-02.vcxproj", "{E3E9F01D-F3E5-422C-A455-FC9CD3C592C6}"
EndProject
Project("{8BC9CEB8-8B4A-11D0-8D11-00A0C91BC942}") = "02-01", "02-01\02-01.vcxproj", "{54604CCB-7D67-4688-B908-AEE3D20C2145}"
EndProject
Project("{8BC9CEB8-8B4A-11D0-8D11-00A0C91BC942}") = "02-02", "02-02\02-02.vcxproj", "{399897DE-5DB0-4F99-A9F4-D818FFD11E76}"
EndProject
Project("{8BC9CEB8-8B4A-11D0-8D11-00A0C91BC942}") = "02-03", "02-03\02-03.vcxproj", "{F0923230-513B-439F-8872-0650350F026E}"
EndProject
Project("{8BC9CEB8-8B4A-11D0-8D11-00A0C91BC942}") = "02-04", "02-04\02-04.vcxproj", "{76354DAE-A365-42F0-B09F-56CCCAAD83D4}"
EndProject
Global
	GlobalSection(SolutionConfigurationPlatforms) = preSolution
		Debug|x64 = Debug|x64
		Debug|x86 = Debug|x86
		Release|x64 = Release|x64
		Release|x86 = Release|x86
	EndGlobalSection
	GlobalSection(ProjectConfigurationPlatforms) = postSolution
		{54C91426-179C-4B80-8D19-4828C577883E}.Debug|x64.ActiveCfg = Debug|x64
		{54C91426-179C-4B80-8D19-4828C577883E}.Debug|x64.Build.0 = Debug|x64
		{54C91426-179C-4B80-8D19-4828C577883E}.Debug|x86.ActiveCfg = Debug|Win32
		{54C91426-179C-4B80-8D19-4828C577883E}.Debug|x86.Build.0 = Debug|Win32
		{54C91426-179C-4B80-8D19-4828C577883E}.Release|x64.ActiveCfg = Release|x64
		{54C91426-179C-4B80-8D19-4828C577883E}.Release|x64.Build.0 = Release|x64
		{54C91426-179C-4B80-8D19-4828C577883E}.Release|x86.ActiveCfg = Release|Win32
		{54C91426-179C-4B80-8D19-4828C577883E}.Release|x86.Build.0 = Release|Win32
		{BC7B8B29-787F-46DE-9AC5-DA3C40009EAE}.Debug|x64.ActiveCfg = Debug|x64
		{BC7B8B29-787F-46DE-9AC5-DA3C40009EAE}.Debug|x64.Build.0 = Debug|x64
		{BC7B8B29-787F-46DE-9AC5-DA3C40009EAE}.Debug|x86.ActiveCfg = Debug|Win32
		{BC7B8B29-787F-46DE-9AC5-DA3C40009EAE}.Debug|x86.Build.0 = Debug|Win32
		{BC7B8B29-787F-46DE-9AC5-DA3C40009EAE}.Release|x64.ActiveCfg = Release|x64
		{BC7B8B29-787F-46DE-9AC5-DA3C40009EAE}.Release|x64.Build.0 = Release|x64
		{BC7B8B29-787F-46DE-9AC5-DA3C40009EAE}.Release|x86.ActiveCfg = Release|Win32
		{BC7B8B29-787F-46DE-9AC5-DA3C40009EAE}.Release|x86.Build.0 = Release|Win32
		{E3E9F01D-F3E5-422C-A455-FC9CD3C592C6}.Debug|x64.ActiveCfg = Debug|x64
		{E3E9F01D-F3E5-422C-A455-FC9CD3C592C6}.Debug|x64.Build.0 = Debug|x64
		{E3E9F01D-F3E5-422C-A455-FC9CD3C592C6}.Debug|x86.ActiveCfg = Debug|Win32
		{E3E9F01D-F3E5-422C-A455-FC9CD3C592C6}.Debug|x86.Build.0 = Debug|Win32
		{E3E9F01D-F3E5-422C-A455-FC9CD3C592C6}.Release|x64.ActiveCfg = Release|x64
		{E3E9F01D-F3E5-422C-A455-FC9CD3C592C6}.Release|x64.Build.0 = Release|x64
		{E3E9F01D-F3E5-422C-A455-FC9CD3C592C6}.Release|x86.ActiveCfg = Release|Win32
		{E3E9F01D-F3E5-422C-A455-FC9CD3C592C6}.Release|x86.Build.0 = Release|Win32
		{54604CCB-7D67-4688-B908-AEE3D20C2145}.Debug|x64.ActiveCfg = Debug|x64
		{54604CCB-7D67-4688-B908-AEE3D20C2145}.Debug|x64.Build.0 = Debug|x64
		{54604CCB-7D67-4688-B908-AEE3D20C2145}.Debug|x86.ActiveCfg = Debug|Win32
		{54604CCB-7D67-4688-B908-AEE3D20C2145}.Debug|x86.Build.0 = Debug|Win32
		{54604CCB-7D67-4688-B908-AEE3D20C2145}.Release|x64.ActiveCfg = Release|x64
		{54604CCB-7D67-4688-B908-AEE3D20C2145}.Release|x64.Build.0 = Release|x64
		{54604CCB-7D67-4688-B908-AEE3D20C2145}.Release|x86.ActiveCfg = Release|Win32
		{54604CCB-7D67-4688-B908-AEE3D20C2145}.Release|x86.Build.0 = Release|Win32
		{399897DE-5DB0-4F99-A9F4-D818FFD11E76}.Debug|x64.ActiveCfg = Debug|x64
		{399897DE-5DB0-4F99-A9F4-D818FFD11E76}.Debug|x64.Build.0 = Debug|x64
		{399897DE-5DB0-4F99-A9F4-D818FFD11E76}.Debug|x86.ActiveCfg = Debug|Win32
		{399897DE-5DB0-4F99-A9F4-D818FFD11E76}.Debug|x86.Build.0 = Debug|Win32
		{399897DE-5DB0-4F99-A9F4-D818FFD11E76}.Release|x64.ActiveCfg = Release|x64
		{399897DE-5DB0-4F99-A9F4-D818FFD11E76}.Release|x64.Build.0 = Release|x64
		{399897DE-5DB0-4F99-A9F4-D818FFD11E76}.Release|x86.ActiveCfg = Release|Win32
		{399897DE-5DB0-4F99-A9F4-D818FFD11E76}.Release|x86.Build.0 = Release|Win32
		{F0923230-513B-439F-8872-0650350F026E}.Debug|x64.ActiveCfg = Debug|x64
		{F0923230-513B-439F-8872-0650350F026E}.Debug|x64.Build.0 = Debug|x64
		{F0923230-513B-439F-8872-0650350F026E}.Debug|x86.ActiveCfg = Debug|Win32
		{F0923230-513B-439F-8872-0650350F026E}.Debug|x86.Build.0 = Debug|Win32
		{F0923230-513B-439F-8872-0650350F026E}.Release|x64.ActiveCfg = Release|x64
		{F0923230-513B-439F-8872-0650350F026E}.Release|x64.Build.0 = Release|x64
		{F0923230-513B-439F-8872-0650350F026E}.Release|x86.ActiveCfg = Release|Win32
		{F0923230-513B-439F-8872-0650350F026E}.Release|x86.Build.0 = Release|Win32
		{76354DAE-A365-42F0-B09F-56CCCAAD83D4}.Debug|x64.ActiveCfg = Debug|x64
		{76354DAE-A365-42F0-B09F-56CCCAAD83D4}.Debug|x64.Build.0 = Debug|x64
		{76354DAE-A365-42F0-B09F-56CCCAAD83D4}.Debug|x86.ActiveCfg = Debug|Win32
		{76354DAE-A365-42F0-B09F-56CCCAAD83D4}.Debug|x86.Build.0 = Debug|Win32
		{76354DAE-A365-42F0-B09F-56CCCAAD83D4}.Release|x64.ActiveCfg = Release|x64
		{76354DAE-A365-42F0-B09F-56CCCAAD83D4}.Release|x64.Build.0 = Release|x64
		{76354DAE-A365-42F0-B09F-56CCCAAD83D4}.Release|x86.ActiveCfg = Release|Win32
		{76354DAE-A365-42F0-B09F-56CCCAAD83D4}.Release|x86.Build.0 = Release|Win32
	EndGlobalSection
	GlobalSection(SolutionProperties) = preSolution
		HideSolutionNode = FALSE
	EndGlobalSection
	GlobalSection(ExtensibilityGlobals) = postSolution
		SolutionGuid = {FC618497-B821-4939-B5D8-EC7B4E0EB24C}
	EndGlobalSection
EndGlobal
